
Microsoft Visual Studio Solution File, Format Version 12.00
# Visual Studio Version 17
VisualStudioVersion = 17.4.33213.308
MinimumVisualStudioVersion = 10.0.40219.1
Project("{FAE04EC0-301F-11D3-BF4B-00C04F79EFBC}") = "Store.Domain", "Store.Domain\Store.Domain.csproj", "{AD0DB870-76E1-44DC-B9C3-8F8D3DF7E72B}"
EndProject
Project("{FAE04EC0-301F-11D3-BF4B-00C04F79EFBC}") = "Store.Helper", "Store.Helper\Store.Helper.csproj", "{3958BB01-A45C-4CA2-AE14-81B018DAE480}"
EndProject
Project("{FAE04EC0-301F-11D3-BF4B-00C04F79EFBC}") = "Store.Infrastructure", "Store.Infrastructure\Store.Infrastructure.csproj", "{C4F7CEA4-854B-414D-84CC-CBF349542E5C}"
EndProject
Project("{FAE04EC0-301F-11D3-BF4B-00C04F79EFBC}") = "Store.Application", "Store.Application\Store.Application.csproj", "{3054F2D6-B783-43B2-BE6C-AA28BA95A630}"
EndProject
Project("{FAE04EC0-301F-11D3-BF4B-00C04F79EFBC}") = "Store.API", "Store.API\Store.API.csproj", "{7EAB5040-27BA-4D92-ACA7-B8FB8EF10355}"
EndProject
Global
	GlobalSection(SolutionConfigurationPlatforms) = preSolution
		Debug|Any CPU = Debug|Any CPU
		Release|Any CPU = Release|Any CPU
	EndGlobalSection
	GlobalSection(ProjectConfigurationPlatforms) = postSolution
		{AD0DB870-76E1-44DC-B9C3-8F8D3DF7E72B}.Debug|Any CPU.ActiveCfg = Debug|Any CPU
		{AD0DB870-76E1-44DC-B9C3-8F8D3DF7E72B}.Debug|Any CPU.Build.0 = Debug|Any CPU
		{AD0DB870-76E1-44DC-B9C3-8F8D3DF7E72B}.Release|Any CPU.ActiveCfg = Release|Any CPU
		{AD0DB870-76E1-44DC-B9C3-8F8D3DF7E72B}.Release|Any CPU.Build.0 = Release|Any CPU
		{3958BB01-A45C-4CA2-AE14-81B018DAE480}.Debug|Any CPU.ActiveCfg = Debug|Any CPU
		{3958BB01-A45C-4CA2-AE14-81B018DAE480}.Debug|Any CPU.Build.0 = Debug|Any CPU
		{3958BB01-A45C-4CA2-AE14-81B018DAE480}.Release|Any CPU.ActiveCfg = Release|Any CPU
		{3958BB01-A45C-4CA2-AE14-81B018DAE480}.Release|Any CPU.Build.0 = Release|Any CPU
		{C4F7CEA4-854B-414D-84CC-CBF349542E5C}.Debug|Any CPU.ActiveCfg = Debug|Any CPU
		{C4F7CEA4-854B-414D-84CC-CBF349542E5C}.Debug|Any CPU.Build.0 = Debug|Any CPU
		{C4F7CEA4-854B-414D-84CC-CBF349542E5C}.Release|Any CPU.ActiveCfg = Release|Any CPU
		{C4F7CEA4-854B-414D-84CC-CBF349542E5C}.Release|Any CPU.Build.0 = Release|Any CPU
		{3054F2D6-B783-43B2-BE6C-AA28BA95A630}.Debug|Any CPU.ActiveCfg = Debug|Any CPU
		{3054F2D6-B783-43B2-BE6C-AA28BA95A630}.Debug|Any CPU.Build.0 = Debug|Any CPU
		{3054F2D6-B783-43B2-BE6C-AA28BA95A630}.Release|Any CPU.ActiveCfg = Release|Any CPU
		{3054F2D6-B783-43B2-BE6C-AA28BA95A630}.Release|Any CPU.Build.0 = Release|Any CPU
		{7EAB5040-27BA-4D92-ACA7-B8FB8EF10355}.Debug|Any CPU.ActiveCfg = Debug|Any CPU
		{7EAB5040-27BA-4D92-ACA7-B8FB8EF10355}.Debug|Any CPU.Build.0 = Debug|Any CPU
		{7EAB5040-27BA-4D92-ACA7-B8FB8EF10355}.Release|Any CPU.ActiveCfg = Release|Any CPU
		{7EAB5040-27BA-4D92-ACA7-B8FB8EF10355}.Release|Any CPU.Build.0 = Release|Any CPU
	EndGlobalSection
	GlobalSection(SolutionProperties) = preSolution
		HideSolutionNode = FALSE
	EndGlobalSection
	GlobalSection(ExtensibilityGlobals) = postSolution
		SolutionGuid = {89BB3934-6526-4923-A456-4701E47F38EB}
	EndGlobalSection
EndGlobal
